
Microsoft Visual Studio Solution File, Format Version 11.00
# Visual Studio 2010
Project("{FAE04EC0-301F-11D3-BF4B-00C04F79EFBC}") = "Stringless-2.0", "Assembly-CSharp-firstpass.csproj", "{A6C6FAE9-9DD4-07D2-883E-3897267C6141}"
EndProject
Project("{FAE04EC0-301F-11D3-BF4B-00C04F79EFBC}") = "Stringless-2.0", "Assembly-CSharp.csproj", "{14718AB5-1610-5C21-BEC4-6BFF008FA5FF}"
EndProject
Project("{FAE04EC0-301F-11D3-BF4B-00C04F79EFBC}") = "Stringless-2.0", "Assembly-CSharp-Editor.csproj", "{BDAD6268-63D2-95B2-8BD5-839D94290076}"
EndProject
Global
	GlobalSection(SolutionConfigurationPlatforms) = preSolution
		Debug|Any CPU = Debug|Any CPU
		Release|Any CPU = Release|Any CPU
	EndGlobalSection
	GlobalSection(ProjectConfigurationPlatforms) = postSolution
		{A6C6FAE9-9DD4-07D2-883E-3897267C6141}.Debug|Any CPU.ActiveCfg = Debug|Any CPU
		{A6C6FAE9-9DD4-07D2-883E-3897267C6141}.Debug|Any CPU.Build.0 = Debug|Any CPU
		{A6C6FAE9-9DD4-07D2-883E-3897267C6141}.Release|Any CPU.ActiveCfg = Release|Any CPU
		{A6C6FAE9-9DD4-07D2-883E-3897267C6141}.Release|Any CPU.Build.0 = Release|Any CPU
		{14718AB5-1610-5C21-BEC4-6BFF008FA5FF}.Debug|Any CPU.ActiveCfg = Debug|Any CPU
		{14718AB5-1610-5C21-BEC4-6BFF008FA5FF}.Debug|Any CPU.Build.0 = Debug|Any CPU
		{14718AB5-1610-5C21-BEC4-6BFF008FA5FF}.Release|Any CPU.ActiveCfg = Release|Any CPU
		{14718AB5-1610-5C21-BEC4-6BFF008FA5FF}.Release|Any CPU.Build.0 = Release|Any CPU
		{BDAD6268-63D2-95B2-8BD5-839D94290076}.Debug|Any CPU.ActiveCfg = Debug|Any CPU
		{BDAD6268-63D2-95B2-8BD5-839D94290076}.Debug|Any CPU.Build.0 = Debug|Any CPU
		{BDAD6268-63D2-95B2-8BD5-839D94290076}.Release|Any CPU.ActiveCfg = Release|Any CPU
		{BDAD6268-63D2-95B2-8BD5-839D94290076}.Release|Any CPU.Build.0 = Release|Any CPU
	EndGlobalSection
	GlobalSection(SolutionProperties) = preSolution
		HideSolutionNode = FALSE
	EndGlobalSection
	GlobalSection(MonoDevelopProperties) = preSolution
		StartupItem = Assembly-CSharp.csproj
	EndGlobalSection
EndGlobal
