
Microsoft Visual Studio Solution File, Format Version 11.00
# Visual Studio 2010
Project("{FAE04EC0-301F-11D3-BF4B-00C04F79EFBC}") = "Stringless", "Assembly-CSharp-firstpass.csproj", "{D8012B11-25EC-6EF3-F7C6-508F4C762CCD}"
EndProject
Project("{FAE04EC0-301F-11D3-BF4B-00C04F79EFBC}") = "Stringless", "Assembly-CSharp.csproj", "{585E16C2-4236-65A6-ECA5-BCBA530113C4}"
EndProject
Project("{FAE04EC0-301F-11D3-BF4B-00C04F79EFBC}") = "Stringless", "Assembly-CSharp-Editor.csproj", "{4AEFCB09-F67C-384C-D981-93513FBCD81C}"
EndProject
Global
	GlobalSection(SolutionConfigurationPlatforms) = preSolution
		Debug|Any CPU = Debug|Any CPU
		Release|Any CPU = Release|Any CPU
	EndGlobalSection
	GlobalSection(ProjectConfigurationPlatforms) = postSolution
		{D8012B11-25EC-6EF3-F7C6-508F4C762CCD}.Debug|Any CPU.ActiveCfg = Debug|Any CPU
		{D8012B11-25EC-6EF3-F7C6-508F4C762CCD}.Debug|Any CPU.Build.0 = Debug|Any CPU
		{D8012B11-25EC-6EF3-F7C6-508F4C762CCD}.Release|Any CPU.ActiveCfg = Release|Any CPU
		{D8012B11-25EC-6EF3-F7C6-508F4C762CCD}.Release|Any CPU.Build.0 = Release|Any CPU
		{585E16C2-4236-65A6-ECA5-BCBA530113C4}.Debug|Any CPU.ActiveCfg = Debug|Any CPU
		{585E16C2-4236-65A6-ECA5-BCBA530113C4}.Debug|Any CPU.Build.0 = Debug|Any CPU
		{585E16C2-4236-65A6-ECA5-BCBA530113C4}.Release|Any CPU.ActiveCfg = Release|Any CPU
		{585E16C2-4236-65A6-ECA5-BCBA530113C4}.Release|Any CPU.Build.0 = Release|Any CPU
		{4AEFCB09-F67C-384C-D981-93513FBCD81C}.Debug|Any CPU.ActiveCfg = Debug|Any CPU
		{4AEFCB09-F67C-384C-D981-93513FBCD81C}.Debug|Any CPU.Build.0 = Debug|Any CPU
		{4AEFCB09-F67C-384C-D981-93513FBCD81C}.Release|Any CPU.ActiveCfg = Release|Any CPU
		{4AEFCB09-F67C-384C-D981-93513FBCD81C}.Release|Any CPU.Build.0 = Release|Any CPU
	EndGlobalSection
	GlobalSection(SolutionProperties) = preSolution
		HideSolutionNode = FALSE
	EndGlobalSection
	GlobalSection(MonoDevelopProperties) = preSolution
		StartupItem = Assembly-CSharp.csproj
	EndGlobalSection
EndGlobal
