
Microsoft Visual Studio Solution File, Format Version 12.00
# Visual Studio 2017
Project("{FAE04EC0-301F-11D3-BF4B-00C04F79EFBC}") = "Stringless-2.0.Plugins", "Stringless-2.0.Plugins.csproj", "{ED15A3F8-F8CB-AF8B-EED7-AEAB77DC37F2}"
EndProject
Project("{FAE04EC0-301F-11D3-BF4B-00C04F79EFBC}") = "Stringless-2.0", "Stringless-2.0.csproj", "{BFD6E27B-F04C-194A-CF91-98C7DCDED21C}"
EndProject
Project("{FAE04EC0-301F-11D3-BF4B-00C04F79EFBC}") = "Stringless-2.0.Editor", "Stringless-2.0.Editor.csproj", "{7A6189C3-8FC0-6BE4-E894-B683F590D23B}"
EndProject
Global
	GlobalSection(SolutionConfigurationPlatforms) = preSolution
		Debug|Any CPU = Debug|Any CPU
		Release|Any CPU = Release|Any CPU
	EndGlobalSection
	GlobalSection(ProjectConfigurationPlatforms) = postSolution
		{ED15A3F8-F8CB-AF8B-EED7-AEAB77DC37F2}.Debug|Any CPU.ActiveCfg = Debug|Any CPU
		{ED15A3F8-F8CB-AF8B-EED7-AEAB77DC37F2}.Debug|Any CPU.Build.0 = Debug|Any CPU
		{ED15A3F8-F8CB-AF8B-EED7-AEAB77DC37F2}.Release|Any CPU.ActiveCfg = Release|Any CPU
		{ED15A3F8-F8CB-AF8B-EED7-AEAB77DC37F2}.Release|Any CPU.Build.0 = Release|Any CPU
		{BFD6E27B-F04C-194A-CF91-98C7DCDED21C}.Debug|Any CPU.ActiveCfg = Debug|Any CPU
		{BFD6E27B-F04C-194A-CF91-98C7DCDED21C}.Debug|Any CPU.Build.0 = Debug|Any CPU
		{BFD6E27B-F04C-194A-CF91-98C7DCDED21C}.Release|Any CPU.ActiveCfg = Release|Any CPU
		{BFD6E27B-F04C-194A-CF91-98C7DCDED21C}.Release|Any CPU.Build.0 = Release|Any CPU
		{7A6189C3-8FC0-6BE4-E894-B683F590D23B}.Debug|Any CPU.ActiveCfg = Debug|Any CPU
		{7A6189C3-8FC0-6BE4-E894-B683F590D23B}.Debug|Any CPU.Build.0 = Debug|Any CPU
		{7A6189C3-8FC0-6BE4-E894-B683F590D23B}.Release|Any CPU.ActiveCfg = Release|Any CPU
		{7A6189C3-8FC0-6BE4-E894-B683F590D23B}.Release|Any CPU.Build.0 = Release|Any CPU
	EndGlobalSection
	GlobalSection(SolutionProperties) = preSolution
		HideSolutionNode = FALSE
	EndGlobalSection
EndGlobal
